
Microsoft Visual Studio Solution File, Format Version 12.00
# Visual Studio Version 17
VisualStudioVersion = 17.5.002.0
MinimumVisualStudioVersion = 10.0.40219.1
Project("{9A19103F-16F7-4668-BE54-9A1E7A4F7556}") = "Autoplant", "Autoplant.csproj", "{230EE65A-4624-410E-AD7D-47D065974227}"
EndProject
Global
	GlobalSection(SolutionConfigurationPlatforms) = preSolution
		Debug|Any CPU = Debug|Any CPU
		Release|Any CPU = Release|Any CPU
	EndGlobalSection
	GlobalSection(ProjectConfigurationPlatforms) = postSolution
		{230EE65A-4624-410E-AD7D-47D065974227}.Debug|Any CPU.ActiveCfg = Debug|Any CPU
		{230EE65A-4624-410E-AD7D-47D065974227}.Debug|Any CPU.Build.0 = Debug|Any CPU
		{230EE65A-4624-410E-AD7D-47D065974227}.Release|Any CPU.ActiveCfg = Release|Any CPU
		{230EE65A-4624-410E-AD7D-47D065974227}.Release|Any CPU.Build.0 = Release|Any CPU
	EndGlobalSection
	GlobalSection(SolutionProperties) = preSolution
		HideSolutionNode = FALSE
	EndGlobalSection
	GlobalSection(ExtensibilityGlobals) = postSolution
		SolutionGuid = {2EC0A41D-6DEF-4CB2-BDD2-E5573F033A29}
	EndGlobalSection
EndGlobal
